
Microsoft Visual Studio Solution File, Format Version 12.00
# Visual Studio Version 16
VisualStudioVersion = 16.0.30011.22
MinimumVisualStudioVersion = 10.0.40219.1
Project("{FAE04EC0-301F-11D3-BF4B-00C04F79EFBC}") = "sampleApp.Android", "sampleApp\sampleApp.Android\sampleApp.Android.csproj", "{7C27DE4F-8342-456B-8E51-998B9D74BA6A}"
EndProject
Project("{FAE04EC0-301F-11D3-BF4B-00C04F79EFBC}") = "sampleApp.iOS", "sampleApp\sampleApp.iOS\sampleApp.iOS.csproj", "{5EE1B7CD-F5F2-4527-A629-6DDA2EE8F17A}"
EndProject
Project("{FAE04EC0-301F-11D3-BF4B-00C04F79EFBC}") = "sampleApp", "sampleApp\sampleApp\sampleApp.csproj", "{30B9729F-EB22-4842-AECF-4695D744C596}"
EndProject
Global
	GlobalSection(SolutionConfigurationPlatforms) = preSolution
		Debug|Any CPU = Debug|Any CPU
		Debug|iPhone = Debug|iPhone
		Debug|iPhoneSimulator = Debug|iPhoneSimulator
		Release|Any CPU = Release|Any CPU
		Release|iPhone = Release|iPhone
		Release|iPhoneSimulator = Release|iPhoneSimulator
	EndGlobalSection
	GlobalSection(ProjectConfigurationPlatforms) = postSolution
		{7C27DE4F-8342-456B-8E51-998B9D74BA6A}.Debug|Any CPU.ActiveCfg = Debug|Any CPU
		{7C27DE4F-8342-456B-8E51-998B9D74BA6A}.Debug|Any CPU.Build.0 = Debug|Any CPU
		{7C27DE4F-8342-456B-8E51-998B9D74BA6A}.Debug|Any CPU.Deploy.0 = Debug|Any CPU
		{7C27DE4F-8342-456B-8E51-998B9D74BA6A}.Debug|iPhone.ActiveCfg = Debug|Any CPU
		{7C27DE4F-8342-456B-8E51-998B9D74BA6A}.Debug|iPhone.Build.0 = Debug|Any CPU
		{7C27DE4F-8342-456B-8E51-998B9D74BA6A}.Debug|iPhone.Deploy.0 = Debug|Any CPU
		{7C27DE4F-8342-456B-8E51-998B9D74BA6A}.Debug|iPhoneSimulator.ActiveCfg = Debug|Any CPU
		{7C27DE4F-8342-456B-8E51-998B9D74BA6A}.Debug|iPhoneSimulator.Build.0 = Debug|Any CPU
		{7C27DE4F-8342-456B-8E51-998B9D74BA6A}.Debug|iPhoneSimulator.Deploy.0 = Debug|Any CPU
		{7C27DE4F-8342-456B-8E51-998B9D74BA6A}.Release|Any CPU.ActiveCfg = Release|Any CPU
		{7C27DE4F-8342-456B-8E51-998B9D74BA6A}.Release|Any CPU.Build.0 = Release|Any CPU
		{7C27DE4F-8342-456B-8E51-998B9D74BA6A}.Release|Any CPU.Deploy.0 = Release|Any CPU
		{7C27DE4F-8342-456B-8E51-998B9D74BA6A}.Release|iPhone.ActiveCfg = Release|Any CPU
		{7C27DE4F-8342-456B-8E51-998B9D74BA6A}.Release|iPhone.Build.0 = Release|Any CPU
		{7C27DE4F-8342-456B-8E51-998B9D74BA6A}.Release|iPhone.Deploy.0 = Release|Any CPU
		{7C27DE4F-8342-456B-8E51-998B9D74BA6A}.Release|iPhoneSimulator.ActiveCfg = Release|Any CPU
		{7C27DE4F-8342-456B-8E51-998B9D74BA6A}.Release|iPhoneSimulator.Build.0 = Release|Any CPU
		{7C27DE4F-8342-456B-8E51-998B9D74BA6A}.Release|iPhoneSimulator.Deploy.0 = Release|Any CPU
		{5EE1B7CD-F5F2-4527-A629-6DDA2EE8F17A}.Debug|Any CPU.ActiveCfg = Debug|iPhone
		{5EE1B7CD-F5F2-4527-A629-6DDA2EE8F17A}.Debug|Any CPU.Build.0 = Debug|iPhone
		{5EE1B7CD-F5F2-4527-A629-6DDA2EE8F17A}.Debug|Any CPU.Deploy.0 = Debug|iPhone
		{5EE1B7CD-F5F2-4527-A629-6DDA2EE8F17A}.Debug|iPhone.ActiveCfg = Debug|iPhone
		{5EE1B7CD-F5F2-4527-A629-6DDA2EE8F17A}.Debug|iPhone.Build.0 = Debug|iPhone
		{5EE1B7CD-F5F2-4527-A629-6DDA2EE8F17A}.Debug|iPhone.Deploy.0 = Debug|iPhone
		{5EE1B7CD-F5F2-4527-A629-6DDA2EE8F17A}.Debug|iPhoneSimulator.ActiveCfg = Debug|iPhoneSimulator
		{5EE1B7CD-F5F2-4527-A629-6DDA2EE8F17A}.Debug|iPhoneSimulator.Build.0 = Debug|iPhoneSimulator
		{5EE1B7CD-F5F2-4527-A629-6DDA2EE8F17A}.Debug|iPhoneSimulator.Deploy.0 = Debug|iPhoneSimulator
		{5EE1B7CD-F5F2-4527-A629-6DDA2EE8F17A}.Release|Any CPU.ActiveCfg = Release|iPhone
		{5EE1B7CD-F5F2-4527-A629-6DDA2EE8F17A}.Release|Any CPU.Build.0 = Release|iPhone
		{5EE1B7CD-F5F2-4527-A629-6DDA2EE8F17A}.Release|Any CPU.Deploy.0 = Release|iPhone
		{5EE1B7CD-F5F2-4527-A629-6DDA2EE8F17A}.Release|iPhone.ActiveCfg = Release|iPhone
		{5EE1B7CD-F5F2-4527-A629-6DDA2EE8F17A}.Release|iPhone.Build.0 = Release|iPhone
		{5EE1B7CD-F5F2-4527-A629-6DDA2EE8F17A}.Release|iPhone.Deploy.0 = Release|iPhone
		{5EE1B7CD-F5F2-4527-A629-6DDA2EE8F17A}.Release|iPhoneSimulator.ActiveCfg = Release|iPhoneSimulator
		{5EE1B7CD-F5F2-4527-A629-6DDA2EE8F17A}.Release|iPhoneSimulator.Build.0 = Release|iPhoneSimulator
		{5EE1B7CD-F5F2-4527-A629-6DDA2EE8F17A}.Release|iPhoneSimulator.Deploy.0 = Release|iPhoneSimulator
		{30B9729F-EB22-4842-AECF-4695D744C596}.Debug|Any CPU.ActiveCfg = Debug|Any CPU
		{30B9729F-EB22-4842-AECF-4695D744C596}.Debug|Any CPU.Build.0 = Debug|Any CPU
		{30B9729F-EB22-4842-AECF-4695D744C596}.Debug|Any CPU.Deploy.0 = Debug|Any CPU
		{30B9729F-EB22-4842-AECF-4695D744C596}.Debug|iPhone.ActiveCfg = Debug|Any CPU
		{30B9729F-EB22-4842-AECF-4695D744C596}.Debug|iPhone.Build.0 = Debug|Any CPU
		{30B9729F-EB22-4842-AECF-4695D744C596}.Debug|iPhone.Deploy.0 = Debug|Any CPU
		{30B9729F-EB22-4842-AECF-4695D744C596}.Debug|iPhoneSimulator.ActiveCfg = Debug|Any CPU
		{30B9729F-EB22-4842-AECF-4695D744C596}.Debug|iPhoneSimulator.Build.0 = Debug|Any CPU
		{30B9729F-EB22-4842-AECF-4695D744C596}.Debug|iPhoneSimulator.Deploy.0 = Debug|Any CPU
		{30B9729F-EB22-4842-AECF-4695D744C596}.Release|Any CPU.ActiveCfg = Release|Any CPU
		{30B9729F-EB22-4842-AECF-4695D744C596}.Release|Any CPU.Build.0 = Release|Any CPU
		{30B9729F-EB22-4842-AECF-4695D744C596}.Release|Any CPU.Deploy.0 = Release|Any CPU
		{30B9729F-EB22-4842-AECF-4695D744C596}.Release|iPhone.ActiveCfg = Release|Any CPU
		{30B9729F-EB22-4842-AECF-4695D744C596}.Release|iPhone.Build.0 = Release|Any CPU
		{30B9729F-EB22-4842-AECF-4695D744C596}.Release|iPhone.Deploy.0 = Release|Any CPU
		{30B9729F-EB22-4842-AECF-4695D744C596}.Release|iPhoneSimulator.ActiveCfg = Release|Any CPU
		{30B9729F-EB22-4842-AECF-4695D744C596}.Release|iPhoneSimulator.Build.0 = Release|Any CPU
		{30B9729F-EB22-4842-AECF-4695D744C596}.Release|iPhoneSimulator.Deploy.0 = Release|Any CPU
	EndGlobalSection
	GlobalSection(SolutionProperties) = preSolution
		HideSolutionNode = FALSE
	EndGlobalSection
	GlobalSection(ExtensibilityGlobals) = postSolution
		SolutionGuid = {35DEEF0C-063A-49DC-A229-3C7D16EDA362}
	EndGlobalSection
EndGlobal
